
Microsoft Visual Studio Solution File, Format Version 12.00
# Visual Studio Version 16
VisualStudioVersion = 16.0.30717.126
MinimumVisualStudioVersion = 10.0.40219.1
Project("{FAE04EC0-301F-11D3-BF4B-00C04F79EFBC}") = "monorepBlazor.Server", "Server\monorepBlazor.Server.csproj", "{9CFF3165-CB7A-42B3-AAAE-26B2400E05D0}"
EndProject
Project("{FAE04EC0-301F-11D3-BF4B-00C04F79EFBC}") = "monorepBlazor.Client", "Client\monorepBlazor.Client.csproj", "{1FD95603-B205-48E7-B50F-48F95007D73A}"
EndProject
Project("{FAE04EC0-301F-11D3-BF4B-00C04F79EFBC}") = "monorepBlazor.Shared", "Shared\monorepBlazor.Shared.csproj", "{ED5A74FE-DF74-44AF-ACC9-D2C85A3E3091}"
EndProject
Global
	GlobalSection(SolutionConfigurationPlatforms) = preSolution
		Debug|Any CPU = Debug|Any CPU
		Release|Any CPU = Release|Any CPU
	EndGlobalSection
	GlobalSection(ProjectConfigurationPlatforms) = postSolution
		{9CFF3165-CB7A-42B3-AAAE-26B2400E05D0}.Debug|Any CPU.ActiveCfg = Debug|Any CPU
		{9CFF3165-CB7A-42B3-AAAE-26B2400E05D0}.Debug|Any CPU.Build.0 = Debug|Any CPU
		{9CFF3165-CB7A-42B3-AAAE-26B2400E05D0}.Release|Any CPU.ActiveCfg = Release|Any CPU
		{9CFF3165-CB7A-42B3-AAAE-26B2400E05D0}.Release|Any CPU.Build.0 = Release|Any CPU
		{1FD95603-B205-48E7-B50F-48F95007D73A}.Debug|Any CPU.ActiveCfg = Debug|Any CPU
		{1FD95603-B205-48E7-B50F-48F95007D73A}.Debug|Any CPU.Build.0 = Debug|Any CPU
		{1FD95603-B205-48E7-B50F-48F95007D73A}.Release|Any CPU.ActiveCfg = Release|Any CPU
		{1FD95603-B205-48E7-B50F-48F95007D73A}.Release|Any CPU.Build.0 = Release|Any CPU
		{ED5A74FE-DF74-44AF-ACC9-D2C85A3E3091}.Debug|Any CPU.ActiveCfg = Debug|Any CPU
		{ED5A74FE-DF74-44AF-ACC9-D2C85A3E3091}.Debug|Any CPU.Build.0 = Debug|Any CPU
		{ED5A74FE-DF74-44AF-ACC9-D2C85A3E3091}.Release|Any CPU.ActiveCfg = Release|Any CPU
		{ED5A74FE-DF74-44AF-ACC9-D2C85A3E3091}.Release|Any CPU.Build.0 = Release|Any CPU
	EndGlobalSection
	GlobalSection(SolutionProperties) = preSolution
		HideSolutionNode = FALSE
	EndGlobalSection
	GlobalSection(ExtensibilityGlobals) = postSolution
		SolutionGuid = {CAE9B635-ABB6-44B4-B4B8-E9E82366FC07}
	EndGlobalSection
EndGlobal
